Microsoft Visual Studio Solution File, Format Version 12.00
# Visual Studio Version 17
VisualStudioVersion = 17.5.2.0
MinimumVisualStudioVersion = 10.0.40219.1
Project("{FAE04EC0-301F-11D3-BF4B-00C04F79EFBC}") = "ReportMate.WindowsClient", "src\ReportMate.WindowsClient.csproj", "{F458D2D0-BFDB-91B9-EBED-6233F0C3B356}"
EndProject
Global
	GlobalSection(SolutionConfigurationPlatforms) = preSolution
		Debug|Any CPU = Debug|Any CPU
		Release|Any CPU = Release|Any CPU
	EndGlobalSection
	GlobalSection(ProjectConfigurationPlatforms) = postSolution
		{F458D2D0-BFDB-91B9-EBED-6233F0C3B356}.Debug|Any CPU.ActiveCfg = Debug|Any CPU
		{F458D2D0-BFDB-91B9-EBED-6233F0C3B356}.Debug|Any CPU.Build.0 = Debug|Any CPU
		{F458D2D0-BFDB-91B9-EBED-6233F0C3B356}.Release|Any CPU.ActiveCfg = Release|Any CPU
		{F458D2D0-BFDB-91B9-EBED-6233F0C3B356}.Release|Any CPU.Build.0 = Release|Any CPU
	EndGlobalSection
	GlobalSection(SolutionProperties) = preSolution
		HideSolutionNode = FALSE
	EndGlobalSection
	GlobalSection(ExtensibilityGlobals) = postSolution
		SolutionGuid = {04B586C0-6740-4CDA-BC6C-7ECF5776A01C}
	EndGlobalSection
EndGlobal
